
Microsoft Visual Studio Solution File, Format Version 12.00
# Visual Studio Version 17
VisualStudioVersion = 17.5.33516.290
MinimumVisualStudioVersion = 10.0.40219.1
Project("{FAE04EC0-301F-11D3-BF4B-00C04F79EFBC}") = "WFHW10", "WFHW10\WFHW10.csproj", "{4FC515FE-1374-462A-B224-D22877B42828}"
EndProject
Global
	GlobalSection(SolutionConfigurationPlatforms) = preSolution
		Debug|Any CPU = Debug|Any CPU
		Release|Any CPU = Release|Any CPU
	EndGlobalSection
	GlobalSection(ProjectConfigurationPlatforms) = postSolution
		{4FC515FE-1374-462A-B224-D22877B42828}.Debug|Any CPU.ActiveCfg = Debug|Any CPU
		{4FC515FE-1374-462A-B224-D22877B42828}.Debug|Any CPU.Build.0 = Debug|Any CPU
		{4FC515FE-1374-462A-B224-D22877B42828}.Release|Any CPU.ActiveCfg = Release|Any CPU
		{4FC515FE-1374-462A-B224-D22877B42828}.Release|Any CPU.Build.0 = Release|Any CPU
	EndGlobalSection
	GlobalSection(SolutionProperties) = preSolution
		HideSolutionNode = FALSE
	EndGlobalSection
	GlobalSection(ExtensibilityGlobals) = postSolution
		SolutionGuid = {277784A6-1DF1-4DBC-9E25-514496C9EEA7}
	EndGlobalSection
EndGlobal
